
Microsoft Visual Studio Solution File, Format Version 12.00
# Visual Studio Version 17
VisualStudioVersion = 17.0.31919.166
MinimumVisualStudioVersion = 10.0.40219.1
Project("{FAE04EC0-301F-11D3-BF4B-00C04F79EFBC}") = "Test WPF App", "Thesis project (Alfer.NET13)\Test WPF App\Test WPF App.csproj", "{F80716A3-FD88-4467-8576-900B60B1ABCD}"
EndProject
Global
	GlobalSection(SolutionConfigurationPlatforms) = preSolution
		Debug|Any CPU = Debug|Any CPU
		Release|Any CPU = Release|Any CPU
	EndGlobalSection
	GlobalSection(ProjectConfigurationPlatforms) = postSolution
		{F80716A3-FD88-4467-8576-900B60B1ABCD}.Debug|Any CPU.ActiveCfg = Debug|Any CPU
		{F80716A3-FD88-4467-8576-900B60B1ABCD}.Debug|Any CPU.Build.0 = Debug|Any CPU
		{F80716A3-FD88-4467-8576-900B60B1ABCD}.Release|Any CPU.ActiveCfg = Release|Any CPU
		{F80716A3-FD88-4467-8576-900B60B1ABCD}.Release|Any CPU.Build.0 = Release|Any CPU
	EndGlobalSection
	GlobalSection(SolutionProperties) = preSolution
		HideSolutionNode = FALSE
	EndGlobalSection
	GlobalSection(ExtensibilityGlobals) = postSolution
		SolutionGuid = {99ECC0AF-507B-498D-96C0-04ED3AA9E8C8}
	EndGlobalSection
EndGlobal
